// !$*UTF8*$!
{
	archiveVersion = 1;
	classes = {
	};
	objectVersion = 48;
	objects = {

/* Begin PBXBuildFile section */
		433924AA1FE09BF600DEDFED /* Default-568h@2x.png in Resources */ = {isa = PBXBuildFile; fileRef = 433924A91FE09BF600DEDFED /* Default-568h@2x.png */; };
		4344FF5E1FE05CD900E4F038 /* star.png in Resources */ = {isa = PBXBuildFile; fileRef = 4344FF5D1FE05CD900E4F038 /* star.png */; };
		4344FF601FE0672900E4F038 /* star-grey.png in Resources */ = {isa = PBXBuildFile; fileRef = 4344FF5F1FE0672900E4F038 /* star-grey.png */; };
		436E747D1FD87B930063DA05 /* AppDelegate.swift in Sources */ = {isa = PBXBuildFile; fileRef = 436E747C1FD87B930063DA05 /* AppDelegate.swift */; };
		436E74821FD87B930063DA05 /* Main.storyboard in Resources */ = {isa = PBXBuildFile; fileRef = 436E74801FD87B930063DA05 /* Main.storyboard */; };
		436E74841FD87B930063DA05 /* Assets.xcassets in Resources */ = {isa = PBXBuildFile; fileRef = 436E74831FD87B930063DA05 /* Assets.xcassets */; };
		436E74871FD87B930063DA05 /* LaunchScreen.storyboard in Resources */ = {isa = PBXBuildFile; fileRef = 436E74851FD87B930063DA05 /* LaunchScreen.storyboard */; };
		436E748F1FD87C090063DA05 /* pagesuite-logo.png in Resources */ = {isa = PBXBuildFile; fileRef = 436E748E1FD87C090063DA05 /* pagesuite-logo.png */; };
		436E74921FD87F310063DA05 /* LoadingViewController.swift in Sources */ = {isa = PBXBuildFile; fileRef = 436E74911FD87F310063DA05 /* LoadingViewController.swift */; };
		436E74941FD8920E0063DA05 /* Stories.swift in Sources */ = {isa = PBXBuildFile; fileRef = 436E74931FD8920E0063DA05 /* Stories.swift */; };
		436E74961FD8A0580063DA05 /* Constants.swift in Sources */ = {isa = PBXBuildFile; fileRef = 436E74951FD8A0580063DA05 /* Constants.swift */; };
		436E74981FD8A0D70063DA05 /* Loader.swift in Sources */ = {isa = PBXBuildFile; fileRef = 436E74971FD8A0D70063DA05 /* Loader.swift */; };
		436E749A1FD9D6970063DA05 /* StoriesTableViewController.swift in Sources */ = {isa = PBXBuildFile; fileRef = 436E74991FD9D6970063DA05 /* StoriesTableViewController.swift */; };
		436E749C1FD9DE480063DA05 /* StoryCell.xib in Resources */ = {isa = PBXBuildFile; fileRef = 436E749B1FD9DE480063DA05 /* StoryCell.xib */; };
		436E749E1FD9E2560063DA05 /* StoryTableViewCell.swift in Sources */ = {isa = PBXBuildFile; fileRef = 436E749D1FD9E2560063DA05 /* StoryTableViewCell.swift */; };
/* End PBXBuildFile section */

/* Begin PBXFileReference section */
		433924A91FE09BF600DEDFED /* Default-568h@2x.png */ = {isa = PBXFileReference; lastKnownFileType = image.png; path = "Default-568h@2x.png"; sourceTree = "<group>"; };
		4344FF5D1FE05CD900E4F038 /* star.png */ = {isa = PBXFileReference; lastKnownFileType = image.png; path = star.png; sourceTree = "<group>"; };
		4344FF5F1FE0672900E4F038 /* star-grey.png */ = {isa = PBXFileReference; lastKnownFileType = image.png; path = "star-grey.png"; sourceTree = "<group>"; };
		436E74791FD87B930063DA05 /* PageSuiteTest.app */ = {isa = PBXFileReference; explicitFileType = wrapper.application; includeInIndex = 0; path = PageSuiteTest.app; sourceTree = BUILT_PRODUCTS_DIR; };
		436E747C1FD87B930063DA05 /* AppDelegate.swift */ = {isa = PBXFileReference; lastKnownFileType = sourcecode.swift; path = AppDelegate.swift; sourceTree = "<group>"; };
		436E74811FD87B930063DA05 /* Base */ = {isa = PBXFileReference; lastKnownFileType = file.storyboard; name = Base; path = Base.lproj/Main.storyboard; sourceTree = "<group>"; };
		436E74831FD87B930063DA05 /* Assets.xcassets */ = {isa = PBXFileReference; lastKnownFileType = folder.assetcatalog; path = Assets.xcassets; sourceTree = "<group>"; };
		436E74861FD87B930063DA05 /* Base */ = {isa = PBXFileReference; lastKnownFileType = file.storyboard; name = Base; path = Base.lproj/LaunchScreen.storyboard; sourceTree = "<group>"; };
		436E74881FD87B930063DA05 /* Info.plist */ = {isa = PBXFileReference; lastKnownFileType = text.plist.xml; path = Info.plist; sourceTree = "<group>"; };
		436E748E1FD87C090063DA05 /* pagesuite-logo.png */ = {isa = PBXFileReference; lastKnownFileType = image.png; name = "pagesuite-logo.png"; path = "PageSuiteTest/Images/pagesuite-logo.png"; sourceTree = SOURCE_ROOT; };
		436E74911FD87F310063DA05 /* LoadingViewController.swift */ = {isa = PBXFileReference; lastKnownFileType = sourcecode.swift; path = LoadingViewController.swift; sourceTree = "<group>"; };
		436E74931FD8920E0063DA05 /* Stories.swift */ = {isa = PBXFileReference; lastKnownFileType = sourcecode.swift; path = Stories.swift; sourceTree = "<group>"; };
		436E74951FD8A0580063DA05 /* Constants.swift */ = {isa = PBXFileReference; lastKnownFileType = sourcecode.swift; path = Constants.swift; sourceTree = "<group>"; };
		436E74971FD8A0D70063DA05 /* Loader.swift */ = {isa = PBXFileReference; lastKnownFileType = sourcecode.swift; path = Loader.swift; sourceTree = "<group>"; };
		436E74991FD9D6970063DA05 /* StoriesTableViewController.swift */ = {isa = PBXFileReference; lastKnownFileType = sourcecode.swift; path = StoriesTableViewController.swift; sourceTree = "<group>"; };
		436E749B1FD9DE480063DA05 /* StoryCell.xib */ = {isa = PBXFileReference; lastKnownFileType = file.xib; path = StoryCell.xib; sourceTree = "<group>"; };
		436E749D1FD9E2560063DA05 /* StoryTableViewCell.swift */ = {isa = PBXFileReference; lastKnownFileType = sourcecode.swift; path = StoryTableViewCell.swift; sourceTree = "<group>"; };
/* End PBXFileReference section */

/* Begin PBXFrameworksBuildPhase section */
		436E74761FD87B930063DA05 /* Frameworks */ = {
			isa = PBXFrameworksBuildPhase;
			buildActionMask = 2147483647;
			files = (
			);
			runOnlyForDeploymentPostprocessing = 0;
		};
/* End PBXFrameworksBuildPhase section */

/* Begin PBXGroup section */
		433924A31FE09A0700DEDFED /* Loading */ = {
			isa = PBXGroup;
			children = (
				436E74911FD87F310063DA05 /* LoadingViewController.swift */,
				436E74971FD8A0D70063DA05 /* Loader.swift */,
			);
			path = Loading;
			sourceTree = "<group>";
		};
		433924A41FE09A3300DEDFED /* StoryView */ = {
			isa = PBXGroup;
			children = (
				436E74991FD9D6970063DA05 /* StoriesTableViewController.swift */,
				436E749B1FD9DE480063DA05 /* StoryCell.xib */,
				436E749D1FD9E2560063DA05 /* StoryTableViewCell.swift */,
			);
			path = StoryView;
			sourceTree = "<group>";
		};
		433924A51FE09A6D00DEDFED /* Misc */ = {
			isa = PBXGroup;
			children = (
				436E747C1FD87B930063DA05 /* AppDelegate.swift */,
				436E74831FD87B930063DA05 /* Assets.xcassets */,
			);
			path = Misc;
			sourceTree = "<group>";
		};
		433924A61FE09A9000DEDFED /* Storyboards */ = {
			isa = PBXGroup;
			children = (
				436E74801FD87B930063DA05 /* Main.storyboard */,
				436E74851FD87B930063DA05 /* LaunchScreen.storyboard */,
			);
			path = Storyboards;
			sourceTree = "<group>";
		};
		433924A71FE09AAA00DEDFED /* Classes */ = {
			isa = PBXGroup;
			children = (
				436E74931FD8920E0063DA05 /* Stories.swift */,
			);
			path = Classes;
			sourceTree = "<group>";
		};
		433924A81FE09ABD00DEDFED /* Constants */ = {
			isa = PBXGroup;
			children = (
				436E74951FD8A0580063DA05 /* Constants.swift */,
			);
			path = Constants;
			sourceTree = "<group>";
		};
		436E74701FD87B930063DA05 = {
			isa = PBXGroup;
			children = (
				433924A91FE09BF600DEDFED /* Default-568h@2x.png */,
				436E747B1FD87B930063DA05 /* PageSuiteTest */,
				436E74881FD87B930063DA05 /* Info.plist */,
				436E747A1FD87B930063DA05 /* Products */,
			);
			sourceTree = "<group>";
		};
		436E747A1FD87B930063DA05 /* Products */ = {
			isa = PBXGroup;
			children = (
				436E74791FD87B930063DA05 /* PageSuiteTest.app */,
			);
			name = Products;
			sourceTree = "<group>";
		};
		436E747B1FD87B930063DA05 /* PageSuiteTest */ = {
			isa = PBXGroup;
			children = (
				433924A31FE09A0700DEDFED /* Loading */,
				433924A41FE09A3300DEDFED /* StoryView */,
				433924A81FE09ABD00DEDFED /* Constants */,
				433924A71FE09AAA00DEDFED /* Classes */,
				433924A61FE09A9000DEDFED /* Storyboards */,
				436E74901FD87C1B0063DA05 /* Images */,
				433924A51FE09A6D00DEDFED /* Misc */,
			);
			path = PageSuiteTest;
			sourceTree = "<group>";
		};
		436E74901FD87C1B0063DA05 /* Images */ = {
			isa = PBXGroup;
			children = (
				4344FF5D1FE05CD900E4F038 /* star.png */,
				4344FF5F1FE0672900E4F038 /* star-grey.png */,
				436E748E1FD87C090063DA05 /* pagesuite-logo.png */,
			);
			path = Images;
			sourceTree = "<group>";
		};
/* End PBXGroup section */

/* Begin PBXNativeTarget section */
		436E74781FD87B930063DA05 /* PageSuiteTest */ = {
			isa = PBXNativeTarget;
			buildConfigurationList = 436E748B1FD87B930063DA05 /* Build configuration list for PBXNativeTarget "PageSuiteTest" */;
			buildPhases = (
				436E74751FD87B930063DA05 /* Sources */,
				436E74761FD87B930063DA05 /* Frameworks */,
				436E74771FD87B930063DA05 /* Resources */,
			);
			buildRules = (
			);
			dependencies = (
			);
			name = PageSuiteTest;
			productName = PageSuiteTest;
			productReference = 436E74791FD87B930063DA05 /* PageSuiteTest.app */;
			productType = "com.apple.product-type.application";
		};
/* End PBXNativeTarget section */

/* Begin PBXProject section */
		436E74711FD87B930063DA05 /* Project object */ = {
			isa = PBXProject;
			attributes = {
				LastSwiftUpdateCheck = 0920;
				LastUpgradeCheck = 0920;
				ORGANIZATIONNAME = "Mike Pollard";
				TargetAttributes = {
					436E74781FD87B930063DA05 = {
						CreatedOnToolsVersion = 9.2;
						ProvisioningStyle = Automatic;
					};
				};
			};
			buildConfigurationList = 436E74741FD87B930063DA05 /* Build configuration list for PBXProject "PageSuiteTest" */;
			compatibilityVersion = "Xcode 8.0";
			developmentRegion = en;
			hasScannedForEncodings = 0;
			knownRegions = (
				en,
				Base,
			);
			mainGroup = 436E74701FD87B930063DA05;
			productRefGroup = 436E747A1FD87B930063DA05 /* Products */;
			projectDirPath = "";
			projectRoot = "";
			targets = (
				436E74781FD87B930063DA05 /* PageSuiteTest */,
			);
		};
/* End PBXProject section */

/* Begin PBXResourcesBuildPhase section */
		436E74771FD87B930063DA05 /* Resources */ = {
			isa = PBXResourcesBuildPhase;
			buildActionMask = 2147483647;
			files = (
				436E74871FD87B930063DA05 /* LaunchScreen.storyboard in Resources */,
				436E74841FD87B930063DA05 /* Assets.xcassets in Resources */,
				436E748F1FD87C090063DA05 /* pagesuite-logo.png in Resources */,
				436E74821FD87B930063DA05 /* Main.storyboard in Resources */,
				436E749C1FD9DE480063DA05 /* StoryCell.xib in Resources */,
				433924AA1FE09BF600DEDFED /* Default-568h@2x.png in Resources */,
				4344FF601FE0672900E4F038 /* star-grey.png in Resources */,
				4344FF5E1FE05CD900E4F038 /* star.png in Resources */,
			);
			runOnlyForDeploymentPostprocessing = 0;
		};
/* End PBXResourcesBuildPhase section */

/* Begin PBXSourcesBuildPhase section */
		436E74751FD87B930063DA05 /* Sources */ = {
			isa = PBXSourcesBuildPhase;
			buildActionMask = 2147483647;
			files = (
				436E749A1FD9D6970063DA05 /* StoriesTableViewController.swift in Sources */,
				436E74981FD8A0D70063DA05 /* Loader.swift in Sources */,
				436E74941FD8920E0063DA05 /* Stories.swift in Sources */,
				436E747D1FD87B930063DA05 /* AppDelegate.swift in Sources */,
				436E74921FD87F310063DA05 /* LoadingViewController.swift in Sources */,
				436E74961FD8A0580063DA05 /* Constants.swift in Sources */,
				436E749E1FD9E2560063DA05 /* StoryTableViewCell.swift in Sources */,
			);
			runOnlyForDeploymentPostprocessing = 0;
		};
/* End PBXSourcesBuildPhase section */

/* Begin PBXVariantGroup section */
		436E74801FD87B930063DA05 /* Main.storyboard */ = {
			isa = PBXVariantGroup;
			children = (
				436E74811FD87B930063DA05 /* Base */,
			);
			name = Main.storyboard;
			sourceTree = "<group>";
		};
		436E74851FD87B930063DA05 /* LaunchScreen.storyboard */ = {
			isa = PBXVariantGroup;
			children = (
				436E74861FD87B930063DA05 /* Base */,
			);
			name = LaunchScreen.storyboard;
			sourceTree = "<group>";
		};
/* End PBXVariantGroup section */

/* Begin XCBuildConfiguration section */
		436E74891FD87B930063DA05 /* Debug */ = {
			isa = XCBuildConfiguration;
			buildSettings = {
				ALWAYS_SEARCH_USER_PATHS = NO;
				CLANG_ANALYZER_NONNULL = YES;
				CLANG_ANALYZER_NUMBER_OBJECT_CONVERSION = YES_AGGRESSIVE;
				CLANG_CXX_LANGUAGE_STANDARD = "gnu++14";
				CLANG_CXX_LIBRARY = "libc++";
				CLANG_ENABLE_MODULES = YES;
				CLANG_ENABLE_OBJC_ARC = YES;
				CLANG_WARN_BLOCK_CAPTURE_AUTORELEASING = YES;
				CLANG_WARN_BOOL_CONVERSION = YES;
				CLANG_WARN_COMMA = YES;
				CLANG_WARN_CONSTANT_CONVERSION = YES;
				CLANG_WARN_DIRECT_OBJC_ISA_USAGE = YES_ERROR;
				CLANG_WARN_DOCUMENTATION_COMMENTS = YES;
				CLANG_WARN_EMPTY_BODY = YES;
				CLANG_WARN_ENUM_CONVERSION = YES;
				CLANG_WARN_INFINITE_RECURSION = YES;
				CLANG_WARN_INT_CONVERSION = YES;
				CLANG_WARN_NON_LITERAL_NULL_CONVERSION = YES;
				CLANG_WARN_OBJC_LITERAL_CONVERSION = YES;
				CLANG_WARN_OBJC_ROOT_CLASS = YES_ERROR;
				CLANG_WARN_RANGE_LOOP_ANALYSIS = YES;
				CLANG_WARN_STRICT_PROTOTYPES = YES;
				CLANG_WARN_SUSPICIOUS_MOVE = YES;
				CLANG_WARN_UNGUARDED_AVAILABILITY = YES_AGGRESSIVE;
				CLANG_WARN_UNREACHABLE_CODE = YES;
				CLANG_WARN__DUPLICATE_METHOD_MATCH = YES;
				CODE_SIGN_IDENTITY = "iPhone Developer";
				COPY_PHASE_STRIP = NO;
				DEBUG_INFORMATION_FORMAT = dwarf;
				ENABLE_STRICT_OBJC_MSGSEND = YES;
				ENABLE_TESTABILITY = YES;
				GCC_C_LANGUAGE_STANDARD = gnu11;
				GCC_DYNAMIC_NO_PIC = NO;
				GCC_NO_COMMON_BLOCKS = YES;
				GCC_OPTIMIZATION_LEVEL = 0;
				GCC_PREPROCESSOR_DEFINITIONS = (
					"DEBUG=1",
					"$(inherited)",
				);
				GCC_WARN_64_TO_32_BIT_CONVERSION = YES;
				GCC_WARN_ABOUT_RETURN_TYPE = YES_ERROR;
				GCC_WARN_UNDECLARED_SELECTOR = YES;
				GCC_WARN_UNINITIALIZED_AUTOS = YES_AGGRESSIVE;
				GCC_WARN_UNUSED_FUNCTION = YES;
				GCC_WARN_UNUSED_VARIABLE = YES;
				IPHONEOS_DEPLOYMENT_TARGET = 11.2;
				MTL_ENABLE_DEBUG_INFO = YES;
				ONLY_ACTIVE_ARCH = YES;
				SDKROOT = iphoneos;
				SWIFT_ACTIVE_COMPILATION_CONDITIONS = DEBUG;
				SWIFT_OPTIMIZATION_LEVEL = "-Onone";
			};
			name = Debug;
		};
		436E748A1FD87B930063DA05 /* Release */ = {
			isa = XCBuildConfiguration;
			buildSettings = {
				ALWAYS_SEARCH_USER_PATHS = NO;
				CLANG_ANALYZER_NONNULL = YES;
				CLANG_ANALYZER_NUMBER_OBJECT_CONVERSION = YES_AGGRESSIVE;
				CLANG_CXX_LANGUAGE_STANDARD = "gnu++14";
				CLANG_CXX_LIBRARY = "libc++";
				CLANG_ENABLE_MODULES = YES;
				CLANG_ENABLE_OBJC_ARC = YES;
				CLANG_WARN_BLOCK_CAPTURE_AUTORELEASING = YES;
				CLANG_WARN_BOOL_CONVERSION = YES;
				CLANG_WARN_COMMA = YES;
				CLANG_WARN_CONSTANT_CONVERSION = YES;
				CLANG_WARN_DIRECT_OBJC_ISA_USAGE = YES_ERROR;
				CLANG_WARN_DOCUMENTATION_COMMENTS = YES;
				CLANG_WARN_EMPTY_BODY = YES;
				CLANG_WARN_ENUM_CONVERSION = YES;
				CLANG_WARN_INFINITE_RECURSION = YES;
				CLANG_WARN_INT_CONVERSION = YES;
				CLANG_WARN_NON_LITERAL_NULL_CONVERSION = YES;
				CLANG_WARN_OBJC_LITERAL_CONVERSION = YES;
				CLANG_WARN_OBJC_ROOT_CLASS = YES_ERROR;
				CLANG_WARN_RANGE_LOOP_ANALYSIS = YES;
				CLANG_WARN_STRICT_PROTOTYPES = YES;
				CLANG_WARN_SUSPICIOUS_MOVE = YES;
				CLANG_WARN_UNGUARDED_AVAILABILITY = YES_AGGRESSIVE;
				CLANG_WARN_UNREACHABLE_CODE = YES;
				CLANG_WARN__DUPLICATE_METHOD_MATCH = YES;
				CODE_SIGN_IDENTITY = "iPhone Developer";
				COPY_PHASE_STRIP = NO;
				DEBUG_INFORMATION_FORMAT = "dwarf-with-dsym";
				ENABLE_NS_ASSERTIONS = NO;
				ENABLE_STRICT_OBJC_MSGSEND = YES;
				GCC_C_LANGUAGE_STANDARD = gnu11;
				GCC_NO_COMMON_BLOCKS = YES;
				GCC_WARN_64_TO_32_BIT_CONVERSION = YES;
				GCC_WARN_ABOUT_RETURN_TYPE = YES_ERROR;
				GCC_WARN_UNDECLARED_SELECTOR = YES;
				GCC_WARN_UNINITIALIZED_AUTOS = YES_AGGRESSIVE;
				GCC_WARN_UNUSED_FUNCTION = YES;
				GCC_WARN_UNUSED_VARIABLE = YES;
				IPHONEOS_DEPLOYMENT_TARGET = 11.2;
				MTL_ENABLE_DEBUG_INFO = NO;
				SDKROOT = iphoneos;
				SWIFT_OPTIMIZATION_LEVEL = "-Owholemodule";
				VALIDATE_PRODUCT = YES;
			};
			name = Release;
		};
		436E748C1FD87B930063DA05 /* Debug */ = {
			isa = XCBuildConfiguration;
			buildSettings = {
				ASSETCATALOG_COMPILER_APPICON_NAME = AppIcon;
				CODE_SIGN_STYLE = Automatic;
				DEVELOPMENT_TEAM = D6NFQX7VQT;
				INFOPLIST_FILE = PageSuiteTest/Info.plist;
				LD_RUNPATH_SEARCH_PATHS = "$(inherited) @executable_path/Frameworks";
				PRODUCT_BUNDLE_IDENTIFIER = com.michapol.PageSuiteTest;
				PRODUCT_NAME = "$(TARGET_NAME)";
				SWIFT_VERSION = 4.0;
				TARGETED_DEVICE_FAMILY = "1,2";
			};
			name = Debug;
		};
		436E748D1FD87B930063DA05 /* Release */ = {
			isa = XCBuildConfiguration;
			buildSettings = {
				ASSETCATALOG_COMPILER_APPICON_NAME = AppIcon;
				CODE_SIGN_STYLE = Automatic;
				DEVELOPMENT_TEAM = D6NFQX7VQT;
				INFOPLIST_FILE = PageSuiteTest/Info.plist;
				LD_RUNPATH_SEARCH_PATHS = "$(inherited) @executable_path/Frameworks";
				PRODUCT_BUNDLE_IDENTIFIER = com.michapol.PageSuiteTest;
				PRODUCT_NAME = "$(TARGET_NAME)";
				SWIFT_VERSION = 4.0;
				TARGETED_DEVICE_FAMILY = "1,2";
			};
			name = Release;
		};
/* End XCBuildConfiguration section */

/* Begin XCConfigurationList section */
		436E74741FD87B930063DA05 /* Build configuration list for PBXProject "PageSuiteTest" */ = {
			isa = XCConfigurationList;
			buildConfigurations = (
				436E74891FD87B930063DA05 /* Debug */,
				436E748A1FD87B930063DA05 /* Release */,
			);
			defaultConfigurationIsVisible = 0;
			defaultConfigurationName = Release;
		};
		436E748B1FD87B930063DA05 /* Build configuration list for PBXNativeTarget "PageSuiteTest" */ = {
			isa = XCConfigurationList;
			buildConfigurations = (
				436E748C1FD87B930063DA05 /* Debug */,
				436E748D1FD87B930063DA05 /* Release */,
			);
			defaultConfigurationIsVisible = 0;
			defaultConfigurationName = Release;
		};
/* End XCConfigurationList section */
	};
	rootObject = 436E74711FD87B930063DA05 /* Project object */;
}
